
Microsoft Visual Studio Solution File, Format Version 12.00
# Visual Studio Version 17
VisualStudioVersion = 17.14.36202.13 d17.14
MinimumVisualStudioVersion = 10.0.40219.1
Project("{FAE04EC0-301F-11D3-BF4B-00C04F79EFBC}") = "NihongoSekaiPlatform", "NihongoSekaiPlatform\NihongoSekaiPlatform.csproj", "{D6267286-F1F4-42D5-A1DA-E9F6071AB5EF}"
EndProject
Global
	GlobalSection(SolutionConfigurationPlatforms) = preSolution
		Debug|Any CPU = Debug|Any CPU
		Release|Any CPU = Release|Any CPU
	EndGlobalSection
	GlobalSection(ProjectConfigurationPlatforms) = postSolution
		{D6267286-F1F4-42D5-A1DA-E9F6071AB5EF}.Debug|Any CPU.ActiveCfg = Debug|Any CPU
		{D6267286-F1F4-42D5-A1DA-E9F6071AB5EF}.Debug|Any CPU.Build.0 = Debug|Any CPU
		{D6267286-F1F4-42D5-A1DA-E9F6071AB5EF}.Release|Any CPU.ActiveCfg = Release|Any CPU
		{D6267286-F1F4-42D5-A1DA-E9F6071AB5EF}.Release|Any CPU.Build.0 = Release|Any CPU
	EndGlobalSection
	GlobalSection(SolutionProperties) = preSolution
		HideSolutionNode = FALSE
	EndGlobalSection
	GlobalSection(ExtensibilityGlobals) = postSolution
		SolutionGuid = {7D8369FC-CC70-45F8-A2D2-E6BC6FD3D704}
	EndGlobalSection
EndGlobal
